
Microsoft Visual Studio Solution File, Format Version 12.00
# Visual Studio Version 16
VisualStudioVersion = 16.0.31424.327
MinimumVisualStudioVersion = 10.0.40219.1
Project("{9A19103F-16F7-4668-BE54-9A1E7A4F7556}") = "SupplierSvc1", "SupplierSvc1\SupplierSvc1.csproj", "{E152046A-82A8-402C-80AB-40E514BF4DBA}"
EndProject
Project("{9A19103F-16F7-4668-BE54-9A1E7A4F7556}") = "ServicesContracts", "..\services-packages\ServicesContracts\ServicesContracts.csproj", "{F67C57EB-0270-47CF-BEB2-CEA297D6CDDB}"
EndProject
Global
	GlobalSection(SolutionConfigurationPlatforms) = preSolution
		Debug|Any CPU = Debug|Any CPU
		Release|Any CPU = Release|Any CPU
	EndGlobalSection
	GlobalSection(ProjectConfigurationPlatforms) = postSolution
		{E152046A-82A8-402C-80AB-40E514BF4DBA}.Debug|Any CPU.ActiveCfg = Debug|Any CPU
		{E152046A-82A8-402C-80AB-40E514BF4DBA}.Debug|Any CPU.Build.0 = Debug|Any CPU
		{E152046A-82A8-402C-80AB-40E514BF4DBA}.Release|Any CPU.ActiveCfg = Release|Any CPU
		{E152046A-82A8-402C-80AB-40E514BF4DBA}.Release|Any CPU.Build.0 = Release|Any CPU
		{F67C57EB-0270-47CF-BEB2-CEA297D6CDDB}.Debug|Any CPU.ActiveCfg = Debug|Any CPU
		{F67C57EB-0270-47CF-BEB2-CEA297D6CDDB}.Debug|Any CPU.Build.0 = Debug|Any CPU
		{F67C57EB-0270-47CF-BEB2-CEA297D6CDDB}.Release|Any CPU.ActiveCfg = Release|Any CPU
		{F67C57EB-0270-47CF-BEB2-CEA297D6CDDB}.Release|Any CPU.Build.0 = Release|Any CPU
	EndGlobalSection
	GlobalSection(SolutionProperties) = preSolution
		HideSolutionNode = FALSE
	EndGlobalSection
	GlobalSection(ExtensibilityGlobals) = postSolution
		SolutionGuid = {50627947-F8BA-471C-80A3-726842B0BB90}
	EndGlobalSection
EndGlobal
